
Microsoft Visual Studio Solution File, Format Version 12.00
# Visual Studio Version 17
VisualStudioVersion = 17.8.34316.72
MinimumVisualStudioVersion = 10.0.40219.1
Project("{FAE04EC0-301F-11D3-BF4B-00C04F79EFBC}") = "Performans_Odevi", "Performans_Odevi.csproj", "{3045EADF-A190-417F-8190-121CB3F21979}"
EndProject
Global
	GlobalSection(SolutionConfigurationPlatforms) = preSolution
		Debug|Any CPU = Debug|Any CPU
		Release|Any CPU = Release|Any CPU
	EndGlobalSection
	GlobalSection(ProjectConfigurationPlatforms) = postSolution
		{3045EADF-A190-417F-8190-121CB3F21979}.Debug|Any CPU.ActiveCfg = Debug|Any CPU
		{3045EADF-A190-417F-8190-121CB3F21979}.Debug|Any CPU.Build.0 = Debug|Any CPU
		{3045EADF-A190-417F-8190-121CB3F21979}.Release|Any CPU.ActiveCfg = Release|Any CPU
		{3045EADF-A190-417F-8190-121CB3F21979}.Release|Any CPU.Build.0 = Release|Any CPU
	EndGlobalSection
	GlobalSection(SolutionProperties) = preSolution
		HideSolutionNode = FALSE
	EndGlobalSection
	GlobalSection(ExtensibilityGlobals) = postSolution
		SolutionGuid = {1BFFB900-D945-4946-9F32-DB51A10392EB}
	EndGlobalSection
EndGlobal
